
Microsoft Visual Studio Solution File, Format Version 12.00
# Visual Studio Version 17
VisualStudioVersion = 17.9.34728.123
MinimumVisualStudioVersion = 10.0.40219.1
Project("{8BC9CEB8-8B4A-11D0-8D11-00A0C91BC942}") = "Lazieal", "Lazieal.vcxproj", "{F14F78B7-C1E8-4E4F-9BAB-5C510E2A5B2F}"
EndProject
Project("{2150E333-8FDC-42A3-9474-1A3956D46DE8}") = "ソリューション項目", "ソリューション項目", "{8EAAFB92-CB7A-426B-8F5E-F6F2D5CEB127}"
	ProjectSection(SolutionItems) = preProject
		.editorconfig = .editorconfig
	EndProjectSection
EndProject
Global
	GlobalSection(SolutionConfigurationPlatforms) = preSolution
		Debug|x64 = Debug|x64
		Release|x64 = Release|x64
	EndGlobalSection
	GlobalSection(ProjectConfigurationPlatforms) = postSolution
		{F14F78B7-C1E8-4E4F-9BAB-5C510E2A5B2F}.Debug|x64.ActiveCfg = Debug|x64
		{F14F78B7-C1E8-4E4F-9BAB-5C510E2A5B2F}.Debug|x64.Build.0 = Debug|x64
		{F14F78B7-C1E8-4E4F-9BAB-5C510E2A5B2F}.Release|x64.ActiveCfg = Release|x64
		{F14F78B7-C1E8-4E4F-9BAB-5C510E2A5B2F}.Release|x64.Build.0 = Release|x64
	EndGlobalSection
	GlobalSection(SolutionProperties) = preSolution
		HideSolutionNode = FALSE
	EndGlobalSection
	GlobalSection(ExtensibilityGlobals) = postSolution
		SolutionGuid = {92CE1FFE-CE9E-438A-9213-EC4A4C5B506E}
	EndGlobalSection
EndGlobal
