
Microsoft Visual Studio Solution File, Format Version 12.00
# Visual Studio Version 17
VisualStudioVersion = 17.9.34728.123
MinimumVisualStudioVersion = 10.0.40219.1
Project("{8BC9CEB8-8B4A-11D0-8D11-00A0C91BC942}") = "Lazieal", "Lazieal.vcxproj", "{F14F78B7-C1E8-4E4F-9BAB-5C510E2A5B2F}"
EndProject
Project("{2150E333-8FDC-42A3-9474-1A3956D46DE8}") = "ソリューション項目", "ソリューション項目", "{8EAAFB92-CB7A-426B-8F5E-F6F2D5CEB127}"
	ProjectSection(SolutionItems) = preProject
		.editorconfig = .editorconfig
	EndProjectSection
EndProject
Project("{8BC9CEB8-8B4A-11D0-8D11-00A0C91BC942}") = "DirectXTex", "externals\DirectXTex\DirectXTex_Desktop_2022_Win10.vcxproj", "{371B9FA9-4C90-4AC6-A123-ACED756D6C77}"
EndProject
Project("{8BC9CEB8-8B4A-11D0-8D11-00A0C91BC942}") = "imgui", "externals\imgui\imgui.vcxproj", "{EA65CFC2-0D78-4570-B5BF-7CFDDD9DE79A}"
EndProject
Global
	GlobalSection(SolutionConfigurationPlatforms) = preSolution
		Debug|x64 = Debug|x64
		Debug|x86 = Debug|x86
		Release|x64 = Release|x64
		Release|x86 = Release|x86
	EndGlobalSection
	GlobalSection(ProjectConfigurationPlatforms) = postSolution
		{F14F78B7-C1E8-4E4F-9BAB-5C510E2A5B2F}.Debug|x64.ActiveCfg = Debug|x64
		{F14F78B7-C1E8-4E4F-9BAB-5C510E2A5B2F}.Debug|x64.Build.0 = Debug|x64
		{F14F78B7-C1E8-4E4F-9BAB-5C510E2A5B2F}.Debug|x86.ActiveCfg = Debug|x64
		{F14F78B7-C1E8-4E4F-9BAB-5C510E2A5B2F}.Debug|x86.Build.0 = Debug|x64
		{F14F78B7-C1E8-4E4F-9BAB-5C510E2A5B2F}.Release|x64.ActiveCfg = Debug|x64
		{F14F78B7-C1E8-4E4F-9BAB-5C510E2A5B2F}.Release|x64.Build.0 = Debug|x64
		{F14F78B7-C1E8-4E4F-9BAB-5C510E2A5B2F}.Release|x86.ActiveCfg = Release|x64
		{F14F78B7-C1E8-4E4F-9BAB-5C510E2A5B2F}.Release|x86.Build.0 = Release|x64
		{371B9FA9-4C90-4AC6-A123-ACED756D6C77}.Debug|x64.ActiveCfg = Debug|x64
		{371B9FA9-4C90-4AC6-A123-ACED756D6C77}.Debug|x64.Build.0 = Debug|x64
		{371B9FA9-4C90-4AC6-A123-ACED756D6C77}.Debug|x86.ActiveCfg = Debug|Win32
		{371B9FA9-4C90-4AC6-A123-ACED756D6C77}.Debug|x86.Build.0 = Debug|Win32
		{371B9FA9-4C90-4AC6-A123-ACED756D6C77}.Release|x64.ActiveCfg = Release|x64
		{371B9FA9-4C90-4AC6-A123-ACED756D6C77}.Release|x64.Build.0 = Release|x64
		{371B9FA9-4C90-4AC6-A123-ACED756D6C77}.Release|x86.ActiveCfg = Release|Win32
		{371B9FA9-4C90-4AC6-A123-ACED756D6C77}.Release|x86.Build.0 = Release|Win32
		{EA65CFC2-0D78-4570-B5BF-7CFDDD9DE79A}.Debug|x64.ActiveCfg = Debug|x64
		{EA65CFC2-0D78-4570-B5BF-7CFDDD9DE79A}.Debug|x64.Build.0 = Debug|x64
		{EA65CFC2-0D78-4570-B5BF-7CFDDD9DE79A}.Debug|x86.ActiveCfg = Debug|Win32
		{EA65CFC2-0D78-4570-B5BF-7CFDDD9DE79A}.Debug|x86.Build.0 = Debug|Win32
		{EA65CFC2-0D78-4570-B5BF-7CFDDD9DE79A}.Release|x64.ActiveCfg = Release|x64
		{EA65CFC2-0D78-4570-B5BF-7CFDDD9DE79A}.Release|x64.Build.0 = Release|x64
		{EA65CFC2-0D78-4570-B5BF-7CFDDD9DE79A}.Release|x86.ActiveCfg = Release|Win32
		{EA65CFC2-0D78-4570-B5BF-7CFDDD9DE79A}.Release|x86.Build.0 = Release|Win32
	EndGlobalSection
	GlobalSection(SolutionProperties) = preSolution
		HideSolutionNode = FALSE
	EndGlobalSection
	GlobalSection(ExtensibilityGlobals) = postSolution
		SolutionGuid = {92CE1FFE-CE9E-438A-9213-EC4A4C5B506E}
	EndGlobalSection
EndGlobal
