<?xml version="1.0" encoding="utf-8"?>
<Project ToolsVersion="4.0" xmlns="http://schemas.microsoft.com/developer/msbuild/2003">
  <ItemGroup>
    <ClCompile Include="main.cpp" />
    <ClCompile Include="Lazieal.cpp">
      <Filter>Engine\Lazieal\Framework</Filter>
    </ClCompile>
    <ClCompile Include="Logger.cpp">
      <Filter>Engine\Base\Logger</Filter>
    </ClCompile>
    <ClCompile Include="TitleScene.cpp">
      <Filter>Game\Scene\GameScene\TitleScene</Filter>
    </ClCompile>
    <ClCompile Include="SceneManager.cpp">
      <Filter>Game\Scene\SceneManager</Filter>
    </ClCompile>
    <ClCompile Include="SceneFactory.cpp">
      <Filter>Game\Scene\SceneFactory</Filter>
    </ClCompile>
    <ClCompile Include="GameApp.cpp">
      <Filter>Game\GameApp</Filter>
    </ClCompile>
    <ClCompile Include="D3DResourceLeakChecker.cpp">
      <Filter>Engine\Base\DirectX\ResourceLeakChecker</Filter>
    </ClCompile>
    <ClCompile Include="DirectXCommon.cpp">
      <Filter>Engine\Base\DirectX\Common</Filter>
    </ClCompile>
    <ClCompile Include="SrvManager.cpp">
      <Filter>Engine\Base\Manager\SrvManager</Filter>
    </ClCompile>
    <ClCompile Include="WinAPI.cpp">
      <Filter>Engine\Base\WinAPI</Filter>
    </ClCompile>
    <ClCompile Include="TextureManager.cpp">
      <Filter>Engine\Base\Manager\TextureManager</Filter>
    </ClCompile>
    <ClCompile Include="ImGuiManager.cpp">
      <Filter>Engine\Base\Manager\ImGuiManager</Filter>
    </ClCompile>
  </ItemGroup>
  <ItemGroup>
    <Filter Include="Engine">
      <UniqueIdentifier>{6d8ec35c-199d-4768-a998-2343f9ca06c7}</UniqueIdentifier>
    </Filter>
    <Filter Include="Game">
      <UniqueIdentifier>{a6cc3803-4d33-4da3-b3a0-a74890593aba}</UniqueIdentifier>
    </Filter>
    <Filter Include="Game\Scene">
      <UniqueIdentifier>{1d2f3f8a-8f67-4575-a73a-4e41f7bd5a56}</UniqueIdentifier>
    </Filter>
    <Filter Include="Game\Scene\BaseScene">
      <UniqueIdentifier>{d277c258-0127-4a0b-91da-c6e3becdbd16}</UniqueIdentifier>
    </Filter>
    <Filter Include="Game\Scene\GameScene">
      <UniqueIdentifier>{f7d33aa6-f8ba-4f0d-9128-b198b56886df}</UniqueIdentifier>
    </Filter>
    <Filter Include="Game\Scene\GameScene\TitleScene">
      <UniqueIdentifier>{3ef2728b-eba8-4351-86e7-007cd99d23ac}</UniqueIdentifier>
    </Filter>
    <Filter Include="Engine\Lazieal">
      <UniqueIdentifier>{0eb9fc40-66c0-48d8-a873-84d1bba22aa5}</UniqueIdentifier>
    </Filter>
    <Filter Include="Engine\Lazieal\Framework">
      <UniqueIdentifier>{81ea3894-e58e-455d-9cd0-b55bb7e8503d}</UniqueIdentifier>
    </Filter>
    <Filter Include="Engine\Base">
      <UniqueIdentifier>{446292a9-fe88-4f45-9b9d-f8d9204d90e6}</UniqueIdentifier>
    </Filter>
    <Filter Include="Engine\Base\Logger">
      <UniqueIdentifier>{cacbf317-6f71-4c27-a334-cb84a7e9636f}</UniqueIdentifier>
    </Filter>
    <Filter Include="Game\Scene\SceneFactory">
      <UniqueIdentifier>{019f258c-ed74-4bbf-bd19-d39247c5acb4}</UniqueIdentifier>
    </Filter>
    <Filter Include="Game\Scene\SceneManager">
      <UniqueIdentifier>{67101570-96ca-4f5d-a5f9-f075e3a2145d}</UniqueIdentifier>
    </Filter>
    <Filter Include="Game\GameApp">
      <UniqueIdentifier>{1e8b72a1-f4e5-4db3-bdc7-5840a27a271b}</UniqueIdentifier>
    </Filter>
    <Filter Include="Engine\Base\DirectX">
      <UniqueIdentifier>{6e11f8d8-d7a1-4f76-9773-95e32418390b}</UniqueIdentifier>
    </Filter>
    <Filter Include="Engine\Base\DirectX\Common">
      <UniqueIdentifier>{61dfce0a-993e-4119-9c78-91d6df2296af}</UniqueIdentifier>
    </Filter>
    <Filter Include="Engine\Base\DirectX\ResourceLeakChecker">
      <UniqueIdentifier>{64e22ff4-980d-4481-98a2-f5d6521b92fe}</UniqueIdentifier>
    </Filter>
    <Filter Include="Engine\Base\WinAPI">
      <UniqueIdentifier>{d49fd5b6-8dce-4f04-94fd-2784872e22d9}</UniqueIdentifier>
    </Filter>
    <Filter Include="Engine\Lazieal\AbstractSceneFactory">
      <UniqueIdentifier>{3cb2877c-66cd-4450-898d-7ab371bac2b5}</UniqueIdentifier>
    </Filter>
    <Filter Include="Engine\Base\Manager">
      <UniqueIdentifier>{2c6f0034-f6ef-47c8-a523-53aab3599524}</UniqueIdentifier>
    </Filter>
    <Filter Include="Engine\Base\Manager\SrvManager">
      <UniqueIdentifier>{3e4cd450-b90a-4c38-ba72-fadc05e26ee8}</UniqueIdentifier>
    </Filter>
    <Filter Include="Engine\Base\Manager\TextureManager">
      <UniqueIdentifier>{7e58bf52-09f1-412a-b64d-c077abe94bba}</UniqueIdentifier>
    </Filter>
    <Filter Include="Engine\Base\Manager\ImGuiManager">
      <UniqueIdentifier>{1e35ffb2-b7e7-420b-9cbd-70b497afdc51}</UniqueIdentifier>
    </Filter>
  </ItemGroup>
  <ItemGroup>
    <ClInclude Include="Lazieal.h">
      <Filter>Engine\Lazieal\Framework</Filter>
    </ClInclude>
    <ClInclude Include="Logger.h">
      <Filter>Engine\Base\Logger</Filter>
    </ClInclude>
    <ClInclude Include="BaseScene.h">
      <Filter>Game\Scene\BaseScene</Filter>
    </ClInclude>
    <ClInclude Include="TitleScene.h">
      <Filter>Game\Scene\GameScene\TitleScene</Filter>
    </ClInclude>
    <ClInclude Include="AbstractSceneFactory.h">
      <Filter>Engine\Lazieal\AbstractSceneFactory</Filter>
    </ClInclude>
    <ClInclude Include="SceneFactory.h">
      <Filter>Game\Scene\SceneFactory</Filter>
    </ClInclude>
    <ClInclude Include="SceneManager.h">
      <Filter>Game\Scene\SceneManager</Filter>
    </ClInclude>
    <ClInclude Include="GameApp.h">
      <Filter>Game\GameApp</Filter>
    </ClInclude>
    <ClInclude Include="D3DResourceLeakChecker.h">
      <Filter>Engine\Base\DirectX\ResourceLeakChecker</Filter>
    </ClInclude>
    <ClInclude Include="DirectXCommon.h">
      <Filter>Engine\Base\DirectX\Common</Filter>
    </ClInclude>
    <ClInclude Include="SrvManager.h">
      <Filter>Engine\Base\Manager\SrvManager</Filter>
    </ClInclude>
    <ClInclude Include="WinAPI.h">
      <Filter>Engine\Base\WinAPI</Filter>
    </ClInclude>
    <ClInclude Include="TextureManager.h">
      <Filter>Engine\Base\Manager\TextureManager</Filter>
    </ClInclude>
    <ClInclude Include="ImGuiManager.h">
      <Filter>Engine\Base\Manager\ImGuiManager</Filter>
    </ClInclude>
  </ItemGroup>
</Project>